
Microsoft Visual Studio Solution File, Format Version 12.00
# Visual Studio Version 17
VisualStudioVersion = 17.4.33110.190
MinimumVisualStudioVersion = 10.0.40219.1
Project("{FAE04EC0-301F-11D3-BF4B-00C04F79EFBC}") = "EmployeeWeb", "EmployeeWeb\EmployeeWeb.csproj", "{456FFC66-3034-42C3-934D-EF9808573E02}"
EndProject
Global
	GlobalSection(SolutionConfigurationPlatforms) = preSolution
		Debug|Any CPU = Debug|Any CPU
		Release|Any CPU = Release|Any CPU
	EndGlobalSection
	GlobalSection(ProjectConfigurationPlatforms) = postSolution
		{456FFC66-3034-42C3-934D-EF9808573E02}.Debug|Any CPU.ActiveCfg = Debug|Any CPU
		{456FFC66-3034-42C3-934D-EF9808573E02}.Debug|Any CPU.Build.0 = Debug|Any CPU
		{456FFC66-3034-42C3-934D-EF9808573E02}.Release|Any CPU.ActiveCfg = Release|Any CPU
		{456FFC66-3034-42C3-934D-EF9808573E02}.Release|Any CPU.Build.0 = Release|Any CPU
	EndGlobalSection
	GlobalSection(SolutionProperties) = preSolution
		HideSolutionNode = FALSE
	EndGlobalSection
	GlobalSection(ExtensibilityGlobals) = postSolution
		SolutionGuid = {6CF30E1B-ADA5-4019-9D6A-82A073D37093}
	EndGlobalSection
EndGlobal
